
Microsoft Visual Studio Solution File, Format Version 12.00
# Visual Studio Version 17
VisualStudioVersion = 17.0.31903.59
MinimumVisualStudioVersion = 10.0.40219.1
Project("{2150E333-8FDC-42A3-9474-1A3956D46DE8}") = "Apps", "Apps", "{355BB764-6696-4FE6-9700-315724DB95BA}"
EndProject
Project("{9A19103F-16F7-4668-BE54-9A1E7A4F7556}") = "Webapp", "Apps\Webapp\Webapp.csproj", "{9C4EF794-BF25-4135-9DAC-37424840BE58}"
EndProject
Project("{9A19103F-16F7-4668-BE54-9A1E7A4F7556}") = "Webapp.UserContext.Migrations", "Apps\Webapp.UserContext.Migrations\Webapp.UserContext.Migrations.csproj", "{1C798868-90ED-4397-804F-427635B8AB9C}"
EndProject
Project("{2150E333-8FDC-42A3-9474-1A3956D46DE8}") = "Services", "Services", "{7356ABEE-DC5B-4D54-8EC6-8305CEE460D8}"
EndProject
Project("{2150E333-8FDC-42A3-9474-1A3956D46DE8}") = "KundeProjekter", "KundeProjekter", "{EA7878DF-A4B9-4F07-8179-A33CDF7812DE}"
EndProject
Project("{9A19103F-16F7-4668-BE54-9A1E7A4F7556}") = "KundeProjekter.Api", "Services\KundeProjekter\API\KundeProjekter.Api.csproj", "{0B142CE0-2343-4DF7-925B-10E585D35760}"
EndProject
Project("{2150E333-8FDC-42A3-9474-1A3956D46DE8}") = "Database", "Database", "{AE3FE88E-CC74-4A4D-961E-61BDBA8DD5CB}"
EndProject
Project("{9A19103F-16F7-4668-BE54-9A1E7A4F7556}") = "SqlContext", "Services\KundeProjekter\Database\SqlContext\SqlContext.csproj", "{CD0BCA30-B899-4567-ACBD-91B57F443B57}"
EndProject
Project("{9A19103F-16F7-4668-BE54-9A1E7A4F7556}") = "SqlMigrations", "Services\KundeProjekter\Database\SqlMigrations\SqlMigrations.csproj", "{BEA32EB9-F835-4FEB-B105-9B595CC9D3C1}"
EndProject
Project("{2150E333-8FDC-42A3-9474-1A3956D46DE8}") = "Features", "Features", "{A07F0D04-753B-46DB-8A20-2FD4F94DBEC7}"
EndProject
Project("{2150E333-8FDC-42A3-9474-1A3956D46DE8}") = "MedarbejderKompetencer", "MedarbejderKompetencer", "{FC01ACA4-BC7B-4134-95AD-8B9CD153123D}"
EndProject
Project("{9A19103F-16F7-4668-BE54-9A1E7A4F7556}") = "MedarbejderKompetencer.Api", "Services\MedarbejderKompetencer\API\MedarbejderKompetencer.Api.csproj", "{66F3B494-4CEA-45A3-9CBC-641D69F3D979}"
EndProject
Project("{2150E333-8FDC-42A3-9474-1A3956D46DE8}") = "Database", "Database", "{1FB91F50-63A9-45E9-B092-3D4FC32DA685}"
EndProject
Project("{9A19103F-16F7-4668-BE54-9A1E7A4F7556}") = "SqlContext", "Services\MedarbejderKompetencer\Database\SqlContext\SqlContext.csproj", "{19A17018-D60B-4B49-B6CE-85AA12CFA083}"
EndProject
Project("{9A19103F-16F7-4668-BE54-9A1E7A4F7556}") = "SqlMigrations", "Services\MedarbejderKompetencer\Database\SqlMigrations\SqlMigrations.csproj", "{5AC30834-94E6-413D-BFA7-F24365BF2681}"
EndProject
Project("{2150E333-8FDC-42A3-9474-1A3956D46DE8}") = "Features", "Features", "{7835D78D-9F48-48B5-A3E1-62EA0CA25E5F}"
EndProject
Project("{9A19103F-16F7-4668-BE54-9A1E7A4F7556}") = "MedarbejderKompetencer.Crosscut", "Services\MedarbejderKompetencer\MedarbejderKompetencer.Crosscut\MedarbejderKompetencer.Crosscut.csproj", "{D3EAC6F8-8256-485C-B6E5-A380203A0919}"
EndProject
Project("{2150E333-8FDC-42A3-9474-1A3956D46DE8}") = "Booking", "Booking", "{BE72E82F-B2BC-4D95-A66F-2E74A7B62404}"
EndProject
Project("{9A19103F-16F7-4668-BE54-9A1E7A4F7556}") = "Booking.Api", "Services\Booking\API\Booking.Api.csproj", "{DF370EE1-FD86-43D6-B533-8A207018AF46}"
EndProject
Project("{2150E333-8FDC-42A3-9474-1A3956D46DE8}") = "Database", "Database", "{17BB0A80-588A-42C9-A2BC-138B66BE3256}"
EndProject
Project("{9A19103F-16F7-4668-BE54-9A1E7A4F7556}") = "SqlContext", "Services\Booking\Database\SqlContext\SqlContext.csproj", "{E03F55AA-32D8-47C0-A619-DBBFB68636F2}"
EndProject
Project("{9A19103F-16F7-4668-BE54-9A1E7A4F7556}") = "SqlMigrations", "Services\Booking\Database\SqlMigrations\SqlMigrations.csproj", "{9EF6ADF1-AF8F-45B9-903A-0D4B4E57D795}"
EndProject
Project("{2150E333-8FDC-42A3-9474-1A3956D46DE8}") = "Features", "Features", "{6B83F037-F4ED-40DA-90FE-2AF0AD4C410C}"
EndProject
Project("{9A19103F-16F7-4668-BE54-9A1E7A4F7556}") = "Booking.Domain", "Services\Booking\Features\Domain\Booking.Domain.csproj", "{775500CE-E0D1-41DF-9657-10F3968FF83A}"
EndProject
Project("{9A19103F-16F7-4668-BE54-9A1E7A4F7556}") = "Booking.Application", "Services\Booking\Features\Application\Booking.Application.csproj", "{F383FD94-FC88-4F54-8663-2ABCF1218C30}"
EndProject
Project("{9A19103F-16F7-4668-BE54-9A1E7A4F7556}") = "Booking.Infrastructure", "Services\Booking\Features\Infrastructure\Booking.Infrastructure.csproj", "{E6AF8ABB-E190-4113-9AAC-91332D755454}"
EndProject
Project("{9A19103F-16F7-4668-BE54-9A1E7A4F7556}") = "MedarbejderKompetencer.Application", "Services\MedarbejderKompetencer\Features\Application\MedarbejderKompetencer.Application.csproj", "{BE19BF74-7966-47D8-B579-7193CF1BF8BF}"
EndProject
Project("{9A19103F-16F7-4668-BE54-9A1E7A4F7556}") = "MedarbejderKompetencer.Domain", "Services\MedarbejderKompetencer\Features\Domain\MedarbejderKompetencer.Domain.csproj", "{DF6A0EA1-C5B8-4B8A-B2B5-2C65A3B123E9}"
EndProject
Project("{9A19103F-16F7-4668-BE54-9A1E7A4F7556}") = "MedarbejderKompetencer.Infrastructure", "Services\MedarbejderKompetencer\Features\Infrastructure\MedarbejderKompetencer.Infrastructure.csproj", "{D8FCCCE8-46DF-406E-85AB-F7A17938D1CE}"
EndProject
Project("{9A19103F-16F7-4668-BE54-9A1E7A4F7556}") = "KundeProjekter.Application", "Services\KundeProjekter\Features\Application\KundeProjekter.Application.csproj", "{16F673C8-D4DE-4337-925A-4CB2EAA54083}"
EndProject
Project("{9A19103F-16F7-4668-BE54-9A1E7A4F7556}") = "KundeProjekter.Domain", "Services\KundeProjekter\Features\Domain\KundeProjekter.Domain.csproj", "{5EA72EC8-DBAE-4EF5-8D77-2086F601CF56}"
EndProject
Project("{9A19103F-16F7-4668-BE54-9A1E7A4F7556}") = "KundeProjekter.Infrastructure", "Services\KundeProjekter\Features\Infrastructure\KundeProjekter.Infrastructure.csproj", "{C3ACB6E9-724A-477E-82EE-6B2DBE2954F1}"
EndProject
Project("{9A19103F-16F7-4668-BE54-9A1E7A4F7556}") = "MedarbejderKompetencer.Domain.Test", "Services\MedarbejderKompetencer\Features\Domain.Test\MedarbejderKompetencer.Domain.Test.csproj", "{DC92131F-2A37-4544-B6C1-DA4A0B0E3BAC}"
EndProject
Project("{9A19103F-16F7-4668-BE54-9A1E7A4F7556}") = "Booking.Crosscut", "Services\Booking\Booking.Crosscut\Booking.Crosscut.csproj", "{1453E6B2-5C29-433B-998B-FCE4A43FEFD0}"
EndProject
Project("{9A19103F-16F7-4668-BE54-9A1E7A4F7556}") = "Webapp.UserContext", "Apps\Webapp.UserContext\Webapp.UserContext.csproj", "{2129F3BC-BDFD-4FE1-8F84-79F9D047D073}"
EndProject
Global
	GlobalSection(SolutionConfigurationPlatforms) = preSolution
		Debug|Any CPU = Debug|Any CPU
		Release|Any CPU = Release|Any CPU
	EndGlobalSection
	GlobalSection(ProjectConfigurationPlatforms) = postSolution
		{9C4EF794-BF25-4135-9DAC-37424840BE58}.Debug|Any CPU.ActiveCfg = Debug|Any CPU
		{9C4EF794-BF25-4135-9DAC-37424840BE58}.Debug|Any CPU.Build.0 = Debug|Any CPU
		{9C4EF794-BF25-4135-9DAC-37424840BE58}.Release|Any CPU.ActiveCfg = Release|Any CPU
		{9C4EF794-BF25-4135-9DAC-37424840BE58}.Release|Any CPU.Build.0 = Release|Any CPU
		{1C798868-90ED-4397-804F-427635B8AB9C}.Debug|Any CPU.ActiveCfg = Debug|Any CPU
		{1C798868-90ED-4397-804F-427635B8AB9C}.Debug|Any CPU.Build.0 = Debug|Any CPU
		{1C798868-90ED-4397-804F-427635B8AB9C}.Release|Any CPU.ActiveCfg = Release|Any CPU
		{1C798868-90ED-4397-804F-427635B8AB9C}.Release|Any CPU.Build.0 = Release|Any CPU
		{0B142CE0-2343-4DF7-925B-10E585D35760}.Debug|Any CPU.ActiveCfg = Debug|Any CPU
		{0B142CE0-2343-4DF7-925B-10E585D35760}.Debug|Any CPU.Build.0 = Debug|Any CPU
		{0B142CE0-2343-4DF7-925B-10E585D35760}.Release|Any CPU.ActiveCfg = Release|Any CPU
		{0B142CE0-2343-4DF7-925B-10E585D35760}.Release|Any CPU.Build.0 = Release|Any CPU
		{CD0BCA30-B899-4567-ACBD-91B57F443B57}.Debug|Any CPU.ActiveCfg = Debug|Any CPU
		{CD0BCA30-B899-4567-ACBD-91B57F443B57}.Debug|Any CPU.Build.0 = Debug|Any CPU
		{CD0BCA30-B899-4567-ACBD-91B57F443B57}.Release|Any CPU.ActiveCfg = Release|Any CPU
		{CD0BCA30-B899-4567-ACBD-91B57F443B57}.Release|Any CPU.Build.0 = Release|Any CPU
		{BEA32EB9-F835-4FEB-B105-9B595CC9D3C1}.Debug|Any CPU.ActiveCfg = Debug|Any CPU
		{BEA32EB9-F835-4FEB-B105-9B595CC9D3C1}.Debug|Any CPU.Build.0 = Debug|Any CPU
		{BEA32EB9-F835-4FEB-B105-9B595CC9D3C1}.Release|Any CPU.ActiveCfg = Release|Any CPU
		{BEA32EB9-F835-4FEB-B105-9B595CC9D3C1}.Release|Any CPU.Build.0 = Release|Any CPU
		{66F3B494-4CEA-45A3-9CBC-641D69F3D979}.Debug|Any CPU.ActiveCfg = Debug|Any CPU
		{66F3B494-4CEA-45A3-9CBC-641D69F3D979}.Debug|Any CPU.Build.0 = Debug|Any CPU
		{66F3B494-4CEA-45A3-9CBC-641D69F3D979}.Release|Any CPU.ActiveCfg = Release|Any CPU
		{66F3B494-4CEA-45A3-9CBC-641D69F3D979}.Release|Any CPU.Build.0 = Release|Any CPU
		{19A17018-D60B-4B49-B6CE-85AA12CFA083}.Debug|Any CPU.ActiveCfg = Debug|Any CPU
		{19A17018-D60B-4B49-B6CE-85AA12CFA083}.Debug|Any CPU.Build.0 = Debug|Any CPU
		{19A17018-D60B-4B49-B6CE-85AA12CFA083}.Release|Any CPU.ActiveCfg = Release|Any CPU
		{19A17018-D60B-4B49-B6CE-85AA12CFA083}.Release|Any CPU.Build.0 = Release|Any CPU
		{5AC30834-94E6-413D-BFA7-F24365BF2681}.Debug|Any CPU.ActiveCfg = Debug|Any CPU
		{5AC30834-94E6-413D-BFA7-F24365BF2681}.Debug|Any CPU.Build.0 = Debug|Any CPU
		{5AC30834-94E6-413D-BFA7-F24365BF2681}.Release|Any CPU.ActiveCfg = Release|Any CPU
		{5AC30834-94E6-413D-BFA7-F24365BF2681}.Release|Any CPU.Build.0 = Release|Any CPU
		{D3EAC6F8-8256-485C-B6E5-A380203A0919}.Debug|Any CPU.ActiveCfg = Debug|Any CPU
		{D3EAC6F8-8256-485C-B6E5-A380203A0919}.Debug|Any CPU.Build.0 = Debug|Any CPU
		{D3EAC6F8-8256-485C-B6E5-A380203A0919}.Release|Any CPU.ActiveCfg = Release|Any CPU
		{D3EAC6F8-8256-485C-B6E5-A380203A0919}.Release|Any CPU.Build.0 = Release|Any CPU
		{DF370EE1-FD86-43D6-B533-8A207018AF46}.Debug|Any CPU.ActiveCfg = Debug|Any CPU
		{DF370EE1-FD86-43D6-B533-8A207018AF46}.Debug|Any CPU.Build.0 = Debug|Any CPU
		{DF370EE1-FD86-43D6-B533-8A207018AF46}.Release|Any CPU.ActiveCfg = Release|Any CPU
		{DF370EE1-FD86-43D6-B533-8A207018AF46}.Release|Any CPU.Build.0 = Release|Any CPU
		{E03F55AA-32D8-47C0-A619-DBBFB68636F2}.Debug|Any CPU.ActiveCfg = Debug|Any CPU
		{E03F55AA-32D8-47C0-A619-DBBFB68636F2}.Debug|Any CPU.Build.0 = Debug|Any CPU
		{E03F55AA-32D8-47C0-A619-DBBFB68636F2}.Release|Any CPU.ActiveCfg = Release|Any CPU
		{E03F55AA-32D8-47C0-A619-DBBFB68636F2}.Release|Any CPU.Build.0 = Release|Any CPU
		{9EF6ADF1-AF8F-45B9-903A-0D4B4E57D795}.Debug|Any CPU.ActiveCfg = Debug|Any CPU
		{9EF6ADF1-AF8F-45B9-903A-0D4B4E57D795}.Debug|Any CPU.Build.0 = Debug|Any CPU
		{9EF6ADF1-AF8F-45B9-903A-0D4B4E57D795}.Release|Any CPU.ActiveCfg = Release|Any CPU
		{9EF6ADF1-AF8F-45B9-903A-0D4B4E57D795}.Release|Any CPU.Build.0 = Release|Any CPU
		{775500CE-E0D1-41DF-9657-10F3968FF83A}.Debug|Any CPU.ActiveCfg = Debug|Any CPU
		{775500CE-E0D1-41DF-9657-10F3968FF83A}.Debug|Any CPU.Build.0 = Debug|Any CPU
		{775500CE-E0D1-41DF-9657-10F3968FF83A}.Release|Any CPU.ActiveCfg = Release|Any CPU
		{775500CE-E0D1-41DF-9657-10F3968FF83A}.Release|Any CPU.Build.0 = Release|Any CPU
		{F383FD94-FC88-4F54-8663-2ABCF1218C30}.Debug|Any CPU.ActiveCfg = Debug|Any CPU
		{F383FD94-FC88-4F54-8663-2ABCF1218C30}.Debug|Any CPU.Build.0 = Debug|Any CPU
		{F383FD94-FC88-4F54-8663-2ABCF1218C30}.Release|Any CPU.ActiveCfg = Release|Any CPU
		{F383FD94-FC88-4F54-8663-2ABCF1218C30}.Release|Any CPU.Build.0 = Release|Any CPU
		{E6AF8ABB-E190-4113-9AAC-91332D755454}.Debug|Any CPU.ActiveCfg = Debug|Any CPU
		{E6AF8ABB-E190-4113-9AAC-91332D755454}.Debug|Any CPU.Build.0 = Debug|Any CPU
		{E6AF8ABB-E190-4113-9AAC-91332D755454}.Release|Any CPU.ActiveCfg = Release|Any CPU
		{E6AF8ABB-E190-4113-9AAC-91332D755454}.Release|Any CPU.Build.0 = Release|Any CPU
		{BE19BF74-7966-47D8-B579-7193CF1BF8BF}.Debug|Any CPU.ActiveCfg = Debug|Any CPU
		{BE19BF74-7966-47D8-B579-7193CF1BF8BF}.Debug|Any CPU.Build.0 = Debug|Any CPU
		{BE19BF74-7966-47D8-B579-7193CF1BF8BF}.Release|Any CPU.ActiveCfg = Release|Any CPU
		{BE19BF74-7966-47D8-B579-7193CF1BF8BF}.Release|Any CPU.Build.0 = Release|Any CPU
		{DF6A0EA1-C5B8-4B8A-B2B5-2C65A3B123E9}.Debug|Any CPU.ActiveCfg = Debug|Any CPU
		{DF6A0EA1-C5B8-4B8A-B2B5-2C65A3B123E9}.Debug|Any CPU.Build.0 = Debug|Any CPU
		{DF6A0EA1-C5B8-4B8A-B2B5-2C65A3B123E9}.Release|Any CPU.ActiveCfg = Release|Any CPU
		{DF6A0EA1-C5B8-4B8A-B2B5-2C65A3B123E9}.Release|Any CPU.Build.0 = Release|Any CPU
		{D8FCCCE8-46DF-406E-85AB-F7A17938D1CE}.Debug|Any CPU.ActiveCfg = Debug|Any CPU
		{D8FCCCE8-46DF-406E-85AB-F7A17938D1CE}.Debug|Any CPU.Build.0 = Debug|Any CPU
		{D8FCCCE8-46DF-406E-85AB-F7A17938D1CE}.Release|Any CPU.ActiveCfg = Release|Any CPU
		{D8FCCCE8-46DF-406E-85AB-F7A17938D1CE}.Release|Any CPU.Build.0 = Release|Any CPU
		{16F673C8-D4DE-4337-925A-4CB2EAA54083}.Debug|Any CPU.ActiveCfg = Debug|Any CPU
		{16F673C8-D4DE-4337-925A-4CB2EAA54083}.Debug|Any CPU.Build.0 = Debug|Any CPU
		{16F673C8-D4DE-4337-925A-4CB2EAA54083}.Release|Any CPU.ActiveCfg = Release|Any CPU
		{16F673C8-D4DE-4337-925A-4CB2EAA54083}.Release|Any CPU.Build.0 = Release|Any CPU
		{5EA72EC8-DBAE-4EF5-8D77-2086F601CF56}.Debug|Any CPU.ActiveCfg = Debug|Any CPU
		{5EA72EC8-DBAE-4EF5-8D77-2086F601CF56}.Debug|Any CPU.Build.0 = Debug|Any CPU
		{5EA72EC8-DBAE-4EF5-8D77-2086F601CF56}.Release|Any CPU.ActiveCfg = Release|Any CPU
		{5EA72EC8-DBAE-4EF5-8D77-2086F601CF56}.Release|Any CPU.Build.0 = Release|Any CPU
		{C3ACB6E9-724A-477E-82EE-6B2DBE2954F1}.Debug|Any CPU.ActiveCfg = Debug|Any CPU
		{C3ACB6E9-724A-477E-82EE-6B2DBE2954F1}.Debug|Any CPU.Build.0 = Debug|Any CPU
		{C3ACB6E9-724A-477E-82EE-6B2DBE2954F1}.Release|Any CPU.ActiveCfg = Release|Any CPU
		{C3ACB6E9-724A-477E-82EE-6B2DBE2954F1}.Release|Any CPU.Build.0 = Release|Any CPU
		{DC92131F-2A37-4544-B6C1-DA4A0B0E3BAC}.Debug|Any CPU.ActiveCfg = Debug|Any CPU
		{DC92131F-2A37-4544-B6C1-DA4A0B0E3BAC}.Debug|Any CPU.Build.0 = Debug|Any CPU
		{DC92131F-2A37-4544-B6C1-DA4A0B0E3BAC}.Release|Any CPU.ActiveCfg = Release|Any CPU
		{DC92131F-2A37-4544-B6C1-DA4A0B0E3BAC}.Release|Any CPU.Build.0 = Release|Any CPU
		{1453E6B2-5C29-433B-998B-FCE4A43FEFD0}.Debug|Any CPU.ActiveCfg = Debug|Any CPU
		{1453E6B2-5C29-433B-998B-FCE4A43FEFD0}.Debug|Any CPU.Build.0 = Debug|Any CPU
		{1453E6B2-5C29-433B-998B-FCE4A43FEFD0}.Release|Any CPU.ActiveCfg = Release|Any CPU
		{1453E6B2-5C29-433B-998B-FCE4A43FEFD0}.Release|Any CPU.Build.0 = Release|Any CPU
		{2129F3BC-BDFD-4FE1-8F84-79F9D047D073}.Debug|Any CPU.ActiveCfg = Debug|Any CPU
		{2129F3BC-BDFD-4FE1-8F84-79F9D047D073}.Debug|Any CPU.Build.0 = Debug|Any CPU
		{2129F3BC-BDFD-4FE1-8F84-79F9D047D073}.Release|Any CPU.ActiveCfg = Release|Any CPU
		{2129F3BC-BDFD-4FE1-8F84-79F9D047D073}.Release|Any CPU.Build.0 = Release|Any CPU
	EndGlobalSection
	GlobalSection(SolutionProperties) = preSolution
		HideSolutionNode = FALSE
	EndGlobalSection
	GlobalSection(NestedProjects) = preSolution
		{9C4EF794-BF25-4135-9DAC-37424840BE58} = {355BB764-6696-4FE6-9700-315724DB95BA}
		{1C798868-90ED-4397-804F-427635B8AB9C} = {355BB764-6696-4FE6-9700-315724DB95BA}
		{EA7878DF-A4B9-4F07-8179-A33CDF7812DE} = {7356ABEE-DC5B-4D54-8EC6-8305CEE460D8}
		{0B142CE0-2343-4DF7-925B-10E585D35760} = {EA7878DF-A4B9-4F07-8179-A33CDF7812DE}
		{AE3FE88E-CC74-4A4D-961E-61BDBA8DD5CB} = {EA7878DF-A4B9-4F07-8179-A33CDF7812DE}
		{CD0BCA30-B899-4567-ACBD-91B57F443B57} = {AE3FE88E-CC74-4A4D-961E-61BDBA8DD5CB}
		{BEA32EB9-F835-4FEB-B105-9B595CC9D3C1} = {AE3FE88E-CC74-4A4D-961E-61BDBA8DD5CB}
		{A07F0D04-753B-46DB-8A20-2FD4F94DBEC7} = {EA7878DF-A4B9-4F07-8179-A33CDF7812DE}
		{FC01ACA4-BC7B-4134-95AD-8B9CD153123D} = {7356ABEE-DC5B-4D54-8EC6-8305CEE460D8}
		{66F3B494-4CEA-45A3-9CBC-641D69F3D979} = {FC01ACA4-BC7B-4134-95AD-8B9CD153123D}
		{1FB91F50-63A9-45E9-B092-3D4FC32DA685} = {FC01ACA4-BC7B-4134-95AD-8B9CD153123D}
		{19A17018-D60B-4B49-B6CE-85AA12CFA083} = {1FB91F50-63A9-45E9-B092-3D4FC32DA685}
		{5AC30834-94E6-413D-BFA7-F24365BF2681} = {1FB91F50-63A9-45E9-B092-3D4FC32DA685}
		{7835D78D-9F48-48B5-A3E1-62EA0CA25E5F} = {FC01ACA4-BC7B-4134-95AD-8B9CD153123D}
		{D3EAC6F8-8256-485C-B6E5-A380203A0919} = {FC01ACA4-BC7B-4134-95AD-8B9CD153123D}
		{BE72E82F-B2BC-4D95-A66F-2E74A7B62404} = {7356ABEE-DC5B-4D54-8EC6-8305CEE460D8}
		{DF370EE1-FD86-43D6-B533-8A207018AF46} = {BE72E82F-B2BC-4D95-A66F-2E74A7B62404}
		{17BB0A80-588A-42C9-A2BC-138B66BE3256} = {BE72E82F-B2BC-4D95-A66F-2E74A7B62404}
		{E03F55AA-32D8-47C0-A619-DBBFB68636F2} = {17BB0A80-588A-42C9-A2BC-138B66BE3256}
		{9EF6ADF1-AF8F-45B9-903A-0D4B4E57D795} = {17BB0A80-588A-42C9-A2BC-138B66BE3256}
		{6B83F037-F4ED-40DA-90FE-2AF0AD4C410C} = {BE72E82F-B2BC-4D95-A66F-2E74A7B62404}
		{775500CE-E0D1-41DF-9657-10F3968FF83A} = {6B83F037-F4ED-40DA-90FE-2AF0AD4C410C}
		{F383FD94-FC88-4F54-8663-2ABCF1218C30} = {6B83F037-F4ED-40DA-90FE-2AF0AD4C410C}
		{E6AF8ABB-E190-4113-9AAC-91332D755454} = {6B83F037-F4ED-40DA-90FE-2AF0AD4C410C}
		{BE19BF74-7966-47D8-B579-7193CF1BF8BF} = {7835D78D-9F48-48B5-A3E1-62EA0CA25E5F}
		{DF6A0EA1-C5B8-4B8A-B2B5-2C65A3B123E9} = {7835D78D-9F48-48B5-A3E1-62EA0CA25E5F}
		{D8FCCCE8-46DF-406E-85AB-F7A17938D1CE} = {7835D78D-9F48-48B5-A3E1-62EA0CA25E5F}
		{16F673C8-D4DE-4337-925A-4CB2EAA54083} = {A07F0D04-753B-46DB-8A20-2FD4F94DBEC7}
		{5EA72EC8-DBAE-4EF5-8D77-2086F601CF56} = {A07F0D04-753B-46DB-8A20-2FD4F94DBEC7}
		{C3ACB6E9-724A-477E-82EE-6B2DBE2954F1} = {A07F0D04-753B-46DB-8A20-2FD4F94DBEC7}
		{DC92131F-2A37-4544-B6C1-DA4A0B0E3BAC} = {7835D78D-9F48-48B5-A3E1-62EA0CA25E5F}
		{1453E6B2-5C29-433B-998B-FCE4A43FEFD0} = {BE72E82F-B2BC-4D95-A66F-2E74A7B62404}
		{2129F3BC-BDFD-4FE1-8F84-79F9D047D073} = {355BB764-6696-4FE6-9700-315724DB95BA}
	EndGlobalSection
	GlobalSection(ExtensibilityGlobals) = postSolution
		SolutionGuid = {7F638448-3DD0-420C-BF32-9C4A67793889}
	EndGlobalSection
EndGlobal
